
Microsoft Visual Studio Solution File, Format Version 12.00
Project("{FAE04EC0-301F-11D3-BF4B-00C04F79EFBC}") = "BookChangeTracker.Domain", "BookChangeTracker.Domain\BookChangeTracker.Domain.csproj", "{EB538A5A-22DB-4EE7-A859-5DCC4F4BBDF8}"
EndProject
Project("{FAE04EC0-301F-11D3-BF4B-00C04F79EFBC}") = "BookChangeTracker.Infrastructure", "BookChangeTracker.Infrastructure\BookChangeTracker.Infrastructure.csproj", "{0C8EECAE-6BCA-474B-AF8B-07622D615BF8}"
EndProject
Project("{FAE04EC0-301F-11D3-BF4B-00C04F79EFBC}") = "BookChangeTracker.Api", "BookChangeTracker.Api\BookChangeTracker.Api.csproj", "{7D1208C9-0037-40A0-85B3-894773054CB8}"
EndProject
Project("{FAE04EC0-301F-11D3-BF4B-00C04F79EFBC}") = "BookChangeTracker.Application", "BookChangeTracker.Application\BookChangeTracker.Application.csproj", "{DD019EEF-F2C9-4701-B8BF-F0C44891EF3F}"
EndProject
Global
	GlobalSection(SolutionConfigurationPlatforms) = preSolution
		Debug|Any CPU = Debug|Any CPU
		Debug|x64 = Debug|x64
		Debug|x86 = Debug|x86
		Release|Any CPU = Release|Any CPU
		Release|x64 = Release|x64
		Release|x86 = Release|x86
	EndGlobalSection
	GlobalSection(ProjectConfigurationPlatforms) = postSolution
		{EB538A5A-22DB-4EE7-A859-5DCC4F4BBDF8}.Debug|Any CPU.ActiveCfg = Debug|Any CPU
		{EB538A5A-22DB-4EE7-A859-5DCC4F4BBDF8}.Debug|Any CPU.Build.0 = Debug|Any CPU
		{EB538A5A-22DB-4EE7-A859-5DCC4F4BBDF8}.Debug|x64.ActiveCfg = Debug|Any CPU
		{EB538A5A-22DB-4EE7-A859-5DCC4F4BBDF8}.Debug|x64.Build.0 = Debug|Any CPU
		{EB538A5A-22DB-4EE7-A859-5DCC4F4BBDF8}.Debug|x86.ActiveCfg = Debug|Any CPU
		{EB538A5A-22DB-4EE7-A859-5DCC4F4BBDF8}.Debug|x86.Build.0 = Debug|Any CPU
		{EB538A5A-22DB-4EE7-A859-5DCC4F4BBDF8}.Release|Any CPU.ActiveCfg = Release|Any CPU
		{EB538A5A-22DB-4EE7-A859-5DCC4F4BBDF8}.Release|Any CPU.Build.0 = Release|Any CPU
		{EB538A5A-22DB-4EE7-A859-5DCC4F4BBDF8}.Release|x64.ActiveCfg = Release|Any CPU
		{EB538A5A-22DB-4EE7-A859-5DCC4F4BBDF8}.Release|x64.Build.0 = Release|Any CPU
		{EB538A5A-22DB-4EE7-A859-5DCC4F4BBDF8}.Release|x86.ActiveCfg = Release|Any CPU
		{EB538A5A-22DB-4EE7-A859-5DCC4F4BBDF8}.Release|x86.Build.0 = Release|Any CPU
		{0C8EECAE-6BCA-474B-AF8B-07622D615BF8}.Debug|Any CPU.ActiveCfg = Debug|Any CPU
		{0C8EECAE-6BCA-474B-AF8B-07622D615BF8}.Debug|Any CPU.Build.0 = Debug|Any CPU
		{0C8EECAE-6BCA-474B-AF8B-07622D615BF8}.Debug|x64.ActiveCfg = Debug|Any CPU
		{0C8EECAE-6BCA-474B-AF8B-07622D615BF8}.Debug|x64.Build.0 = Debug|Any CPU
		{0C8EECAE-6BCA-474B-AF8B-07622D615BF8}.Debug|x86.ActiveCfg = Debug|Any CPU
		{0C8EECAE-6BCA-474B-AF8B-07622D615BF8}.Debug|x86.Build.0 = Debug|Any CPU
		{0C8EECAE-6BCA-474B-AF8B-07622D615BF8}.Release|Any CPU.ActiveCfg = Release|Any CPU
		{0C8EECAE-6BCA-474B-AF8B-07622D615BF8}.Release|Any CPU.Build.0 = Release|Any CPU
		{0C8EECAE-6BCA-474B-AF8B-07622D615BF8}.Release|x64.ActiveCfg = Release|Any CPU
		{0C8EECAE-6BCA-474B-AF8B-07622D615BF8}.Release|x64.Build.0 = Release|Any CPU
		{0C8EECAE-6BCA-474B-AF8B-07622D615BF8}.Release|x86.ActiveCfg = Release|Any CPU
		{0C8EECAE-6BCA-474B-AF8B-07622D615BF8}.Release|x86.Build.0 = Release|Any CPU
		{7D1208C9-0037-40A0-85B3-894773054CB8}.Debug|Any CPU.ActiveCfg = Debug|Any CPU
		{7D1208C9-0037-40A0-85B3-894773054CB8}.Debug|Any CPU.Build.0 = Debug|Any CPU
		{7D1208C9-0037-40A0-85B3-894773054CB8}.Debug|x64.ActiveCfg = Debug|Any CPU
		{7D1208C9-0037-40A0-85B3-894773054CB8}.Debug|x64.Build.0 = Debug|Any CPU
		{7D1208C9-0037-40A0-85B3-894773054CB8}.Debug|x86.ActiveCfg = Debug|Any CPU
		{7D1208C9-0037-40A0-85B3-894773054CB8}.Debug|x86.Build.0 = Debug|Any CPU
		{7D1208C9-0037-40A0-85B3-894773054CB8}.Release|Any CPU.ActiveCfg = Release|Any CPU
		{7D1208C9-0037-40A0-85B3-894773054CB8}.Release|Any CPU.Build.0 = Release|Any CPU
		{7D1208C9-0037-40A0-85B3-894773054CB8}.Release|x64.ActiveCfg = Release|Any CPU
		{7D1208C9-0037-40A0-85B3-894773054CB8}.Release|x64.Build.0 = Release|Any CPU
		{7D1208C9-0037-40A0-85B3-894773054CB8}.Release|x86.ActiveCfg = Release|Any CPU
		{7D1208C9-0037-40A0-85B3-894773054CB8}.Release|x86.Build.0 = Release|Any CPU
		{DD019EEF-F2C9-4701-B8BF-F0C44891EF3F}.Debug|Any CPU.ActiveCfg = Debug|Any CPU
		{DD019EEF-F2C9-4701-B8BF-F0C44891EF3F}.Debug|Any CPU.Build.0 = Debug|Any CPU
		{DD019EEF-F2C9-4701-B8BF-F0C44891EF3F}.Debug|x64.ActiveCfg = Debug|Any CPU
		{DD019EEF-F2C9-4701-B8BF-F0C44891EF3F}.Debug|x64.Build.0 = Debug|Any CPU
		{DD019EEF-F2C9-4701-B8BF-F0C44891EF3F}.Debug|x86.ActiveCfg = Debug|Any CPU
		{DD019EEF-F2C9-4701-B8BF-F0C44891EF3F}.Debug|x86.Build.0 = Debug|Any CPU
		{DD019EEF-F2C9-4701-B8BF-F0C44891EF3F}.Release|Any CPU.ActiveCfg = Release|Any CPU
		{DD019EEF-F2C9-4701-B8BF-F0C44891EF3F}.Release|Any CPU.Build.0 = Release|Any CPU
		{DD019EEF-F2C9-4701-B8BF-F0C44891EF3F}.Release|x64.ActiveCfg = Release|Any CPU
		{DD019EEF-F2C9-4701-B8BF-F0C44891EF3F}.Release|x64.Build.0 = Release|Any CPU
		{DD019EEF-F2C9-4701-B8BF-F0C44891EF3F}.Release|x86.ActiveCfg = Release|Any CPU
		{DD019EEF-F2C9-4701-B8BF-F0C44891EF3F}.Release|x86.Build.0 = Release|Any CPU
	EndGlobalSection
	GlobalSection(SolutionProperties) = preSolution
		HideSolutionNode = FALSE
	EndGlobalSection
EndGlobal
